
Microsoft Visual Studio Solution File, Format Version 12.00
# Visual Studio 15
VisualStudioVersion = 15.0.27703.2047
MinimumVisualStudioVersion = 10.0.40219.1
Project("{FAE04EC0-301F-11D3-BF4B-00C04F79EFBC}") = "Papago", "Papago\Papago.csproj", "{0B0F00A7-EAD3-42BE-A25A-FB75FF582190}"
EndProject
Global
	GlobalSection(SolutionConfigurationPlatforms) = preSolution
		Debug|Any CPU = Debug|Any CPU
		Release|Any CPU = Release|Any CPU
	EndGlobalSection
	GlobalSection(ProjectConfigurationPlatforms) = postSolution
		{0B0F00A7-EAD3-42BE-A25A-FB75FF582190}.Debug|Any CPU.ActiveCfg = Debug|Any CPU
		{0B0F00A7-EAD3-42BE-A25A-FB75FF582190}.Debug|Any CPU.Build.0 = Debug|Any CPU
		{0B0F00A7-EAD3-42BE-A25A-FB75FF582190}.Release|Any CPU.ActiveCfg = Release|Any CPU
		{0B0F00A7-EAD3-42BE-A25A-FB75FF582190}.Release|Any CPU.Build.0 = Release|Any CPU
	EndGlobalSection
	GlobalSection(SolutionProperties) = preSolution
		HideSolutionNode = FALSE
	EndGlobalSection
	GlobalSection(ExtensibilityGlobals) = postSolution
		SolutionGuid = {559F42E6-A30D-4458-ACF4-A56B38DA3DF9}
	EndGlobalSection
EndGlobal
